github.com/anyascii/go v0.3.3 h1:A3BhW92hXPYPb8Y1+zLOip8xjSxNcdl1FaxzTmFxrhs=
github.com/anyascii/go v0.3.3/go.mod h1:HDvbMmSpqJyIe+xtSkHmAYTjc8PzvO3l1Jmgx/IFUPs=
github.com/bits-and-blooms/bitset v1.24.2/go.mod h1:7hO7Gc7Pp1vODcmWvKMRA9BNmbv6a/7QIWpPxHddWR8=
github.com/bits-and-blooms/bitset v1.25.0 h1:0Ro0qF4abCkM6SqWPVj29sFhAbMPAZpaDD7xhJ10beM=
github.com/bits-and-blooms/bitset v1.25.0/go.mod h1:7hO7Gc7Pp1vODcmWvKMRA9BNmbv6a/7QIWpPxHddWR8=
github.com/bits-and-blooms/bloom/v3 v3.7.1 h1:WXovk4TRKZttAMJfoQx6K2DM0zNIt8w+c67UqO+etV0=
github.com/bits-and-blooms/bloom/v3 v3.7.1/go.mod h1:rZzYLLje2dfzXfAkJNxQQHsKurAyK55KUnL43Euk0hU=
github.com/hbollon/go-edlib v1.7.0 h1:Jt3AtZ+AdgtJhzkrCFvkbdbNL3KCqZlGioLnUfwsxeU=
github.com/hbollon/go-edlib v1.7.0/go.mod h1:wnt6o6EIVEzUfgbUZY7BerzQ2uvzp354qmS2xaLkrhM=
github.com/poetic-systems/addresstables v0.1.0-alpha.0 h1:bsPfgfImKRoTXjUO9pzy+p2ENsQiCDne5x2RKactNAc=
github.com/poetic-systems/addresstables v0.1.0-alpha.0/go.mod h1:0+0MslI2VD30//JsNgvjPLz04GiV6YEsFE2pni512Fs=
github.com/poetic-systems/zipcity v0.1.0-alpha.0.0.20261010065656-171e814d823a h1:bK+fs+zu5JL9r86NFnWJMUJ++MTPj1PnLMfZW+qcgFE=
github.com/poetic-systems/zipcity v0.1.0-alpha.0.0.20261010065656-171e814d823a/go.mod h1:wqkYtdCgWdJftdXLN8nk9EOOdyCo07sQ0068a53Kpdo=
github.com/twmb/murmur3 v1.1.8 h1:8Yt9taO/WN3l08xErzjeschgZU2QSrwm1kclYq+0aRg=
github.com/twmb/murmur3 v1.1.8/go.mod h1:Qq/R7NUyOfr65zD+6Q5IHKsJLwP7exErjN6lyyq3OSQ=
golang.org/x/text v0.41.0 h1:vz/seA0lnX87Othu2f/0L24RcgrXD9/YFTSuGjj3rH8=
golang.org/x/text v0.41.0/go.mod h1:jvf1O8ajNzZqhSrQBPbutR/EB83Cc0CFrezNQIwbb5M=
