github.com/anyascii/go v0.3.3 h1:A3BhW92hXPYPb8Y1+zLOip8xjSxNcdl1FaxzTmFxrhs=
github.com/anyascii/go v0.3.3/go.mod h1:HDvbMmSpqJyIe+xtSkHmAYTjc8PzvO3l1Jmgx/IFUPs=
github.com/hbollon/go-edlib v1.7.0 h1:Jt3AtZ+AdgtJhzkrCFvkbdbNL3KCqZlGioLnUfwsxeU=
github.com/hbollon/go-edlib v1.7.0/go.mod h1:wnt6o6EIVEzUfgbUZY7BerzQ2uvzp354qmS2xaLkrhM=
github.com/poetic-systems/addresstables v0.0.0-20260905190649-4161ec4b8528 h1:N/TVFlCUKXfSsrBo3yUnCNRrP25B3iOP3yhyUTiTCok=
github.com/poetic-systems/addresstables v0.0.0-20260905190649-4161ec4b8528/go.mod h1:0+0MslI2VD30//JsNgvjPLz04GiV6YEsFE2pni512Fs=
golang.org/x/text v0.39.0 h1:UbZz4pLOvn600D6Oh6GGEI6VAmndrEBLv8/6BEXzyus=
golang.org/x/text v0.39.0/go.mod h1:3UwRclnC2g0TU9x8PZiyfOajCd1zaUNHF9cvqcQZ+ZM=
